
Microsoft Visual Studio Solution File, Format Version 12.00
# Visual Studio Version 16
VisualStudioVersion = 16.0.32126.315
MinimumVisualStudioVersion = 10.0.40219.1
Project("{FAE04EC0-301F-11D3-BF4B-00C04F79EFBC}") = "WebApp2", "WebApp2\WebApp2.csproj", "{856AED28-471D-4916-9A02-F9EDC83281EE}"
EndProject
Global
	GlobalSection(SolutionConfigurationPlatforms) = preSolution
		Debug|Any CPU = Debug|Any CPU
		Release|Any CPU = Release|Any CPU
	EndGlobalSection
	GlobalSection(ProjectConfigurationPlatforms) = postSolution
		{856AED28-471D-4916-9A02-F9EDC83281EE}.Debug|Any CPU.ActiveCfg = Debug|Any CPU
		{856AED28-471D-4916-9A02-F9EDC83281EE}.Debug|Any CPU.Build.0 = Debug|Any CPU
		{856AED28-471D-4916-9A02-F9EDC83281EE}.Release|Any CPU.ActiveCfg = Release|Any CPU
		{856AED28-471D-4916-9A02-F9EDC83281EE}.Release|Any CPU.Build.0 = Release|Any CPU
	EndGlobalSection
	GlobalSection(SolutionProperties) = preSolution
		HideSolutionNode = FALSE
	EndGlobalSection
	GlobalSection(ExtensibilityGlobals) = postSolution
		SolutionGuid = {F63AA07D-A8BA-42ED-806C-5CCBD668BF7B}
	EndGlobalSection
EndGlobal
